
Microsoft Visual Studio Solution File, Format Version 12.00
Project("{FAE04EC0-301F-11D3-BF4B-00C04F79EFBC}") = "ApiBackend", "ApiBackend\ApiBackend.csproj", "{4AD362DE-4B5A-450B-8BEB-AE5406554A1F}"
EndProject
Project("{FAE04EC0-301F-11D3-BF4B-00C04F79EFBC}") = "ContainerUI", "ContainerUI\ContainerUI.csproj", "{47190402-DD56-435C-AD4F-5F435A68ADCC}"
EndProject
Global
	GlobalSection(SolutionConfigurationPlatforms) = preSolution
		Debug|Any CPU = Debug|Any CPU
		Release|Any CPU = Release|Any CPU
	EndGlobalSection
	GlobalSection(ProjectConfigurationPlatforms) = postSolution
		{4AD362DE-4B5A-450B-8BEB-AE5406554A1F}.Debug|Any CPU.ActiveCfg = Debug|Any CPU
		{4AD362DE-4B5A-450B-8BEB-AE5406554A1F}.Debug|Any CPU.Build.0 = Debug|Any CPU
		{4AD362DE-4B5A-450B-8BEB-AE5406554A1F}.Release|Any CPU.ActiveCfg = Release|Any CPU
		{4AD362DE-4B5A-450B-8BEB-AE5406554A1F}.Release|Any CPU.Build.0 = Release|Any CPU
		{47190402-DD56-435C-AD4F-5F435A68ADCC}.Debug|Any CPU.ActiveCfg = Debug|Any CPU
		{47190402-DD56-435C-AD4F-5F435A68ADCC}.Debug|Any CPU.Build.0 = Debug|Any CPU
		{47190402-DD56-435C-AD4F-5F435A68ADCC}.Release|Any CPU.ActiveCfg = Release|Any CPU
		{47190402-DD56-435C-AD4F-5F435A68ADCC}.Release|Any CPU.Build.0 = Release|Any CPU
	EndGlobalSection
EndGlobal
